
Microsoft Visual Studio Solution File, Format Version 12.00
# Visual Studio Version 17
VisualStudioVersion = 17.14.36811.4 d17.14
MinimumVisualStudioVersion = 10.0.40219.1
Project("{FAE04EC0-301F-11D3-BF4B-00C04F79EFBC}") = "Rubens DnD  project", "Rubens DnD  project\Rubens DnD  project.csproj", "{FB46B93D-FD2B-4D34-84CD-9F137505822C}"
EndProject
Global
	GlobalSection(SolutionConfigurationPlatforms) = preSolution
		Debug|Any CPU = Debug|Any CPU
		Release|Any CPU = Release|Any CPU
	EndGlobalSection
	GlobalSection(ProjectConfigurationPlatforms) = postSolution
		{FB46B93D-FD2B-4D34-84CD-9F137505822C}.Debug|Any CPU.ActiveCfg = Debug|Any CPU
		{FB46B93D-FD2B-4D34-84CD-9F137505822C}.Debug|Any CPU.Build.0 = Debug|Any CPU
		{FB46B93D-FD2B-4D34-84CD-9F137505822C}.Release|Any CPU.ActiveCfg = Release|Any CPU
		{FB46B93D-FD2B-4D34-84CD-9F137505822C}.Release|Any CPU.Build.0 = Release|Any CPU
	EndGlobalSection
	GlobalSection(SolutionProperties) = preSolution
		HideSolutionNode = FALSE
	EndGlobalSection
	GlobalSection(ExtensibilityGlobals) = postSolution
		SolutionGuid = {DEF287CB-C35A-4D20-AD96-5DC28FF9A315}
	EndGlobalSection
EndGlobal
